{
  "version": 4,
  "terraform_version": "0.12.21",
  "serial": 16,
  "lineage": "7eb70dcf-ca26-9db3-425a-e91e650c1324",
  "outputs": {
    "ip-address": {
      "value": "167.172.206.172",
      "type": "string"
    }
  },
  "resources": [
    {
      "mode": "data",
      "type": "digitalocean_ssh_key",
      "name": "malikiah",
      "provider": "provider.digitalocean",
      "instances": [
        {
          "schema_version": 0,
          "attributes": {
            "fingerprint": "05:ea:d9:de:d0:26:e0:3a:22:da:58:d6:1b:de:ef:aa",
            "id": "26681624",
            "name": "malikiah",
            "public_key": "ssh-rsa AAAAB3NzaC1yc2EAAAADAQABAAACAQC23V501EGqEiOv9PKi74QZIY6nMFzDaiLJs/YXIc8+IxqnjF73ZlyMBCLME4kzHq1Hnea0QHuxWP3qNgcFHF64WW0j4ClCg2qYDlrTzvjuk+qY3uRGURsMCYwl3rU+6nSBn21S+bF0iIsHqufvfDbdyvZyZbkmLAl/rh+w/qkykp/8Vnf8GhLEjvQwIed+xQzctTw90MW4BLJlbJmLSG2QYI00N8wAPYhNr0aj5t/nvwf60pJo3rbpCFc8janaoZ6AZlZ0Z3gVM5ceoZW5u5JOYpx7SGfOjFj8VKkLNZG40BkndyyaMoE6j+ZTEQO7AiBpS3jFQudwDJXeXD3hGfqafRfNmMhXz7ycXsgHcQtEGI94AulbbINLZYph/69o8sl39/ze9K7GlpeGONW7kyUrQEs/fNkdHtdQ6FutLNPLLmfErGzU9BYjMZMsSkMNhHQyXmPhYyqKNQIdhFTNPJL0VEQTXjzG+LrshXc7iSQwV4/dUutCSSutJC+UoYh5wNzp4ozegHjlMJmGWlOJm5e/iWZBwnnjL2z2rNhB0xAV2u2fWd8CaU2mUlQyXYQhiNkWyQmTngp0LyNywp4aVx5P/4XQXAERhlP1EOoXPCO3mHZszwUegYXAhj/qQqb65SwPkkUmv3Eg0mw1kIsP+p4l+0Axx00y47khOS9zVDEAGQ=="
          }
        }
      ]
    },
    {
      "mode": "data",
      "type": "template_file",
      "name": "inventory",
      "provider": "provider.template",
      "instances": [
        {
          "schema_version": 0,
          "attributes": {
            "filename": null,
            "id": "a6e24648d5eb277956b05152753d28b8038f6d318aa2f334ffedc020c1619989",
            "rendered": "[all:vars]\nansible_user = root\nansible_ssh_private_key_file = ~/.ssh/id_rsa\ndomain = jenkins.malikiah.io\nservice-port = 8080\n\n[nodes]\n167.172.206.172",
            "template": "[all:vars]\nansible_user = ${ssh_user}\nansible_ssh_private_key_file = ${ssh_key}\ndomain = ${domain}\nservice-port = ${service-port}\n\n[nodes]\n${jenkins_nodes}",
            "vars": {
              "domain": "jenkins.malikiah.io",
              "jenkins_nodes": "167.172.206.172",
              "service-port": "8080",
              "ssh_key": "~/.ssh/id_rsa",
              "ssh_user": "root"
            }
          }
        }
      ]
    },
    {
      "mode": "managed",
      "type": "digitalocean_droplet",
      "name": "jenkins",
      "each": "list",
      "provider": "provider.digitalocean",
      "instances": [
        {
          "index_key": 0,
          "schema_version": 1,
          "attributes": {
            "backups": false,
            "created_at": "2020-03-09T18:15:10Z",
            "disk": 80,
            "id": "183956548",
            "image": "centos-8-x64",
            "ipv4_address": "167.172.206.172",
            "ipv4_address_private": "10.138.22.27",
            "ipv6": false,
            "ipv6_address": "",
            "ipv6_address_private": null,
            "locked": false,
            "memory": 4096,
            "monitoring": false,
            "name": "sfo2-jenkins-01",
            "price_hourly": 0.02976,
            "price_monthly": 20,
            "private_networking": true,
            "region": "sfo2",
            "resize_disk": true,
            "size": "s-2vcpu-4gb",
            "ssh_keys": [
              "26681624"
            ],
            "status": "active",
            "tags": [
              "centos-8-x64",
              "jenkins"
            ],
            "urn": "do:droplet:183956548",
            "user_data": null,
            "vcpus": 2,
            "volume_ids": []
          },
          "private": "eyJzY2hlbWFfdmVyc2lvbiI6IjEifQ=="
        }
      ]
    },
    {
      "mode": "managed",
      "type": "null_resource",
      "name": "cmd",
      "provider": "provider.null",
      "instances": [
        {
          "schema_version": 0,
          "attributes": {
            "id": "1491804228873366120",
            "triggers": {
              "template_rendered": "[all:vars]\nansible_user = root\nansible_ssh_private_key_file = ~/.ssh/id_rsa\ndomain = jenkins.malikiah.io\nservice-port = 8080\n\n[nodes]\n167.172.206.172"
            }
          },
          "private": "bnVsbA==",
          "dependencies": [
            "digitalocean_droplet.jenkins"
          ]
        }
      ]
    }
  ]
}
